
Microsoft Visual Studio Solution File, Format Version 12.00
# Visual Studio Version 16
VisualStudioVersion = 16.0.30406.217
MinimumVisualStudioVersion = 10.0.40219.1
Project("{FAE04EC0-301F-11D3-BF4B-00C04F79EFBC}") = "Shopping_Project", "Shopping_Project\Shopping_Project.csproj", "{B1844D43-9C2C-48F1-8521-1AA16DAC5D96}"
EndProject
Global
	GlobalSection(SolutionConfigurationPlatforms) = preSolution
		Debug|Any CPU = Debug|Any CPU
		Release|Any CPU = Release|Any CPU
	EndGlobalSection
	GlobalSection(ProjectConfigurationPlatforms) = postSolution
		{B1844D43-9C2C-48F1-8521-1AA16DAC5D96}.Debug|Any CPU.ActiveCfg = Debug|Any CPU
		{B1844D43-9C2C-48F1-8521-1AA16DAC5D96}.Debug|Any CPU.Build.0 = Debug|Any CPU
		{B1844D43-9C2C-48F1-8521-1AA16DAC5D96}.Release|Any CPU.ActiveCfg = Release|Any CPU
		{B1844D43-9C2C-48F1-8521-1AA16DAC5D96}.Release|Any CPU.Build.0 = Release|Any CPU
	EndGlobalSection
	GlobalSection(SolutionProperties) = preSolution
		HideSolutionNode = FALSE
	EndGlobalSection
	GlobalSection(ExtensibilityGlobals) = postSolution
		SolutionGuid = {FD83CC4D-C8C1-401F-8EF2-C1761F3B34DC}
	EndGlobalSection
EndGlobal
